
Microsoft Visual Studio Solution File, Format Version 12.00
# Visual Studio Version 17
VisualStudioVersion = 17.1.32210.238
MinimumVisualStudioVersion = 10.0.40219.1
Project("{FAE04EC0-301F-11D3-BF4B-00C04F79EFBC}") = "NickvisionTubeConverter", "NickvisionTubeConverter\NickvisionTubeConverter.csproj", "{639326F2-EF9D-43BE-A125-C00367396304}"
EndProject
Global
	GlobalSection(SolutionConfigurationPlatforms) = preSolution
		Debug|Any CPU = Debug|Any CPU
		Release|Any CPU = Release|Any CPU
	EndGlobalSection
	GlobalSection(ProjectConfigurationPlatforms) = postSolution
		{639326F2-EF9D-43BE-A125-C00367396304}.Debug|Any CPU.ActiveCfg = Debug|Any CPU
		{639326F2-EF9D-43BE-A125-C00367396304}.Debug|Any CPU.Build.0 = Debug|Any CPU
		{639326F2-EF9D-43BE-A125-C00367396304}.Release|Any CPU.ActiveCfg = Release|Any CPU
		{639326F2-EF9D-43BE-A125-C00367396304}.Release|Any CPU.Build.0 = Release|Any CPU
	EndGlobalSection
	GlobalSection(SolutionProperties) = preSolution
		HideSolutionNode = FALSE
	EndGlobalSection
	GlobalSection(ExtensibilityGlobals) = postSolution
		SolutionGuid = {15C89262-4119-44F8-A166-F87115C8BA5A}
	EndGlobalSection
EndGlobal
