
Microsoft Visual Studio Solution File, Format Version 12.00
# Visual Studio Version 17
VisualStudioVersion = 17.0.32002.185
MinimumVisualStudioVersion = 10.0.40219.1
Project("{FAE04EC0-301F-11D3-BF4B-00C04F79EFBC}") = "NickvisionTubeConverter", "NickvisionTubeConverter\NickvisionTubeConverter.csproj", "{0E04C8DC-BB09-4E93-B5FC-88465FF8655B}"
EndProject
Global
	GlobalSection(SolutionConfigurationPlatforms) = preSolution
		Debug|Any CPU = Debug|Any CPU
		Release|Any CPU = Release|Any CPU
	EndGlobalSection
	GlobalSection(ProjectConfigurationPlatforms) = postSolution
		{0E04C8DC-BB09-4E93-B5FC-88465FF8655B}.Debug|Any CPU.ActiveCfg = Debug|Any CPU
		{0E04C8DC-BB09-4E93-B5FC-88465FF8655B}.Debug|Any CPU.Build.0 = Debug|Any CPU
		{0E04C8DC-BB09-4E93-B5FC-88465FF8655B}.Release|Any CPU.ActiveCfg = Release|Any CPU
		{0E04C8DC-BB09-4E93-B5FC-88465FF8655B}.Release|Any CPU.Build.0 = Release|Any CPU
	EndGlobalSection
	GlobalSection(SolutionProperties) = preSolution
		HideSolutionNode = FALSE
	EndGlobalSection
	GlobalSection(ExtensibilityGlobals) = postSolution
		SolutionGuid = {99F056DD-52B8-452E-BDF2-1EE02B754EDE}
	EndGlobalSection
EndGlobal
