
Microsoft Visual Studio Solution File, Format Version 12.00
# Visual Studio Version 17
VisualStudioVersion = 17.4.33213.308
MinimumVisualStudioVersion = 10.0.40219.1
Project("{FAE04EC0-301F-11D3-BF4B-00C04F79EFBC}") = "NickvisionTubeConverter.Shared", "NickvisionTubeConverter.Shared\NickvisionTubeConverter.Shared.csproj", "{F6857CDD-B2CB-4310-923B-69DC2FC1F0B8}"
EndProject
Project("{FAE04EC0-301F-11D3-BF4B-00C04F79EFBC}") = "NickvisionTubeConverter.GNOME", "NickvisionTubeConverter.GNOME\NickvisionTubeConverter.GNOME.csproj", "{FB0200AE-2AD2-465A-A73F-E550094A45E5}"
EndProject
Global
	GlobalSection(SolutionConfigurationPlatforms) = preSolution
		Debug|Any CPU = Debug|Any CPU
		Release|Any CPU = Release|Any CPU
	EndGlobalSection
	GlobalSection(ProjectConfigurationPlatforms) = postSolution
		{F6857CDD-B2CB-4310-923B-69DC2FC1F0B8}.Debug|Any CPU.ActiveCfg = Debug|Any CPU
		{F6857CDD-B2CB-4310-923B-69DC2FC1F0B8}.Debug|Any CPU.Build.0 = Debug|Any CPU
		{F6857CDD-B2CB-4310-923B-69DC2FC1F0B8}.Release|Any CPU.ActiveCfg = Release|Any CPU
		{F6857CDD-B2CB-4310-923B-69DC2FC1F0B8}.Release|Any CPU.Build.0 = Release|Any CPU
		{FB0200AE-2AD2-465A-A73F-E550094A45E5}.Debug|Any CPU.ActiveCfg = Debug|Any CPU
		{FB0200AE-2AD2-465A-A73F-E550094A45E5}.Debug|Any CPU.Build.0 = Debug|Any CPU
		{FB0200AE-2AD2-465A-A73F-E550094A45E5}.Release|Any CPU.ActiveCfg = Release|Any CPU
		{FB0200AE-2AD2-465A-A73F-E550094A45E5}.Release|Any CPU.Build.0 = Release|Any CPU
	EndGlobalSection
	GlobalSection(SolutionProperties) = preSolution
		HideSolutionNode = FALSE
	EndGlobalSection
	GlobalSection(ExtensibilityGlobals) = postSolution
		SolutionGuid = {FA7E3D0D-FE19-4AAA-9677-D7BE88354263}
	EndGlobalSection
EndGlobal
