<Solution>
  <Folder Name="/Solution Items/">
    <File Path="Nickvision.Common.targets" />
  </Folder>
  <Project Path="Nickvision.Parabolic.Shared.Tests/Nickvision.Parabolic.Shared.Tests.csproj" />
  <Project Path="Nickvision.Parabolic.Shared/Nickvision.Parabolic.Shared.csproj" />
  <Project Path="Nickvision.Parabolic.WinUI/Nickvision.Parabolic.WinUI.csproj">
    <Platform Project="ARM64" />
  </Project>
</Solution>
