
Microsoft Visual Studio Solution File, Format Version 12.00
# Visual Studio Version 17
VisualStudioVersion = 17.7.34031.279
MinimumVisualStudioVersion = 10.0.40219.1
Project("{9A19103F-16F7-4668-BE54-9A1E7A4F7556}") = "NickvisionTubeConverter.GNOME", "NickvisionTubeConverter.GNOME\NickvisionTubeConverter.GNOME.csproj", "{C9FA488B-F24D-427D-9EB6-1D0F4EB108BF}"
EndProject
Project("{9A19103F-16F7-4668-BE54-9A1E7A4F7556}") = "NickvisionTubeConverter.Shared", "NickvisionTubeConverter.Shared\NickvisionTubeConverter.Shared.csproj", "{7E7E8B8E-DD25-4C5E-87A3-F26BCFCE478F}"
EndProject
Project("{9A19103F-16F7-4668-BE54-9A1E7A4F7556}") = "NickvisionTubeConverter.WinUI", "NickvisionTubeConverter.WinUI\NickvisionTubeConverter.WinUI.csproj", "{D57CE5B1-59EF-49A3-8E52-CA8DB3EAE92B}"
EndProject
Global
	GlobalSection(SolutionConfigurationPlatforms) = preSolution
		Debug|Any CPU = Debug|Any CPU
		Debug|ARM64 = Debug|ARM64
		Debug|x64 = Debug|x64
		Debug|x86 = Debug|x86
		Release|Any CPU = Release|Any CPU
		Release|ARM64 = Release|ARM64
		Release|x64 = Release|x64
		Release|x86 = Release|x86
	EndGlobalSection
	GlobalSection(ProjectConfigurationPlatforms) = postSolution
		{C9FA488B-F24D-427D-9EB6-1D0F4EB108BF}.Debug|Any CPU.ActiveCfg = Debug|Any CPU
		{C9FA488B-F24D-427D-9EB6-1D0F4EB108BF}.Debug|Any CPU.Build.0 = Debug|Any CPU
		{C9FA488B-F24D-427D-9EB6-1D0F4EB108BF}.Debug|ARM64.ActiveCfg = Debug|Any CPU
		{C9FA488B-F24D-427D-9EB6-1D0F4EB108BF}.Debug|ARM64.Build.0 = Debug|Any CPU
		{C9FA488B-F24D-427D-9EB6-1D0F4EB108BF}.Debug|x64.ActiveCfg = Debug|Any CPU
		{C9FA488B-F24D-427D-9EB6-1D0F4EB108BF}.Debug|x64.Build.0 = Debug|Any CPU
		{C9FA488B-F24D-427D-9EB6-1D0F4EB108BF}.Debug|x86.ActiveCfg = Debug|Any CPU
		{C9FA488B-F24D-427D-9EB6-1D0F4EB108BF}.Debug|x86.Build.0 = Debug|Any CPU
		{C9FA488B-F24D-427D-9EB6-1D0F4EB108BF}.Release|Any CPU.ActiveCfg = Release|Any CPU
		{C9FA488B-F24D-427D-9EB6-1D0F4EB108BF}.Release|Any CPU.Build.0 = Release|Any CPU
		{C9FA488B-F24D-427D-9EB6-1D0F4EB108BF}.Release|ARM64.ActiveCfg = Release|Any CPU
		{C9FA488B-F24D-427D-9EB6-1D0F4EB108BF}.Release|ARM64.Build.0 = Release|Any CPU
		{C9FA488B-F24D-427D-9EB6-1D0F4EB108BF}.Release|x64.ActiveCfg = Release|Any CPU
		{C9FA488B-F24D-427D-9EB6-1D0F4EB108BF}.Release|x64.Build.0 = Release|Any CPU
		{C9FA488B-F24D-427D-9EB6-1D0F4EB108BF}.Release|x86.ActiveCfg = Release|Any CPU
		{C9FA488B-F24D-427D-9EB6-1D0F4EB108BF}.Release|x86.Build.0 = Release|Any CPU
		{7E7E8B8E-DD25-4C5E-87A3-F26BCFCE478F}.Debug|Any CPU.ActiveCfg = Debug|Any CPU
		{7E7E8B8E-DD25-4C5E-87A3-F26BCFCE478F}.Debug|Any CPU.Build.0 = Debug|Any CPU
		{7E7E8B8E-DD25-4C5E-87A3-F26BCFCE478F}.Debug|ARM64.ActiveCfg = Debug|Any CPU
		{7E7E8B8E-DD25-4C5E-87A3-F26BCFCE478F}.Debug|ARM64.Build.0 = Debug|Any CPU
		{7E7E8B8E-DD25-4C5E-87A3-F26BCFCE478F}.Debug|x64.ActiveCfg = Debug|Any CPU
		{7E7E8B8E-DD25-4C5E-87A3-F26BCFCE478F}.Debug|x64.Build.0 = Debug|Any CPU
		{7E7E8B8E-DD25-4C5E-87A3-F26BCFCE478F}.Debug|x86.ActiveCfg = Debug|Any CPU
		{7E7E8B8E-DD25-4C5E-87A3-F26BCFCE478F}.Debug|x86.Build.0 = Debug|Any CPU
		{7E7E8B8E-DD25-4C5E-87A3-F26BCFCE478F}.Release|Any CPU.ActiveCfg = Release|Any CPU
		{7E7E8B8E-DD25-4C5E-87A3-F26BCFCE478F}.Release|Any CPU.Build.0 = Release|Any CPU
		{7E7E8B8E-DD25-4C5E-87A3-F26BCFCE478F}.Release|ARM64.ActiveCfg = Release|Any CPU
		{7E7E8B8E-DD25-4C5E-87A3-F26BCFCE478F}.Release|ARM64.Build.0 = Release|Any CPU
		{7E7E8B8E-DD25-4C5E-87A3-F26BCFCE478F}.Release|x64.ActiveCfg = Release|Any CPU
		{7E7E8B8E-DD25-4C5E-87A3-F26BCFCE478F}.Release|x64.Build.0 = Release|Any CPU
		{7E7E8B8E-DD25-4C5E-87A3-F26BCFCE478F}.Release|x86.ActiveCfg = Release|Any CPU
		{7E7E8B8E-DD25-4C5E-87A3-F26BCFCE478F}.Release|x86.Build.0 = Release|Any CPU
		{D57CE5B1-59EF-49A3-8E52-CA8DB3EAE92B}.Debug|Any CPU.ActiveCfg = Debug|x64
		{D57CE5B1-59EF-49A3-8E52-CA8DB3EAE92B}.Debug|Any CPU.Build.0 = Debug|x64
		{D57CE5B1-59EF-49A3-8E52-CA8DB3EAE92B}.Debug|ARM64.ActiveCfg = Debug|ARM64
		{D57CE5B1-59EF-49A3-8E52-CA8DB3EAE92B}.Debug|ARM64.Build.0 = Debug|ARM64
		{D57CE5B1-59EF-49A3-8E52-CA8DB3EAE92B}.Debug|x64.ActiveCfg = Debug|x64
		{D57CE5B1-59EF-49A3-8E52-CA8DB3EAE92B}.Debug|x64.Build.0 = Debug|x64
		{D57CE5B1-59EF-49A3-8E52-CA8DB3EAE92B}.Debug|x86.ActiveCfg = Debug|x86
		{D57CE5B1-59EF-49A3-8E52-CA8DB3EAE92B}.Debug|x86.Build.0 = Debug|x86
		{D57CE5B1-59EF-49A3-8E52-CA8DB3EAE92B}.Release|Any CPU.ActiveCfg = Release|x64
		{D57CE5B1-59EF-49A3-8E52-CA8DB3EAE92B}.Release|Any CPU.Build.0 = Release|x64
		{D57CE5B1-59EF-49A3-8E52-CA8DB3EAE92B}.Release|ARM64.ActiveCfg = Release|ARM64
		{D57CE5B1-59EF-49A3-8E52-CA8DB3EAE92B}.Release|ARM64.Build.0 = Release|ARM64
		{D57CE5B1-59EF-49A3-8E52-CA8DB3EAE92B}.Release|x64.ActiveCfg = Release|x64
		{D57CE5B1-59EF-49A3-8E52-CA8DB3EAE92B}.Release|x64.Build.0 = Release|x64
		{D57CE5B1-59EF-49A3-8E52-CA8DB3EAE92B}.Release|x86.ActiveCfg = Release|x86
		{D57CE5B1-59EF-49A3-8E52-CA8DB3EAE92B}.Release|x86.Build.0 = Release|x86
	EndGlobalSection
	GlobalSection(SolutionProperties) = preSolution
		HideSolutionNode = FALSE
	EndGlobalSection
	GlobalSection(ExtensibilityGlobals) = postSolution
		SolutionGuid = {25E8955C-7BFE-4BED-A270-4C9C9EA6250C}
	EndGlobalSection
EndGlobal
