
Microsoft Visual Studio Solution File, Format Version 12.00
# Visual Studio Version 17
VisualStudioVersion = 17.7.34031.279
MinimumVisualStudioVersion = 10.0.40219.1
Project("{9A19103F-16F7-4668-BE54-9A1E7A4F7556}") = "NickvisionTubeConverter.GNOME", "NickvisionTubeConverter.GNOME\NickvisionTubeConverter.GNOME.csproj", "{C9FA488B-F24D-427D-9EB6-1D0F4EB108BF}"
EndProject
Project("{9A19103F-16F7-4668-BE54-9A1E7A4F7556}") = "NickvisionTubeConverter.Shared", "NickvisionTubeConverter.Shared\NickvisionTubeConverter.Shared.csproj", "{7E7E8B8E-DD25-4C5E-87A3-F26BCFCE478F}"
EndProject
Global
	GlobalSection(SolutionConfigurationPlatforms) = preSolution
		Debug|Any CPU = Debug|Any CPU
		Release|Any CPU = Release|Any CPU
	EndGlobalSection
	GlobalSection(ProjectConfigurationPlatforms) = postSolution
		{C9FA488B-F24D-427D-9EB6-1D0F4EB108BF}.Debug|Any CPU.ActiveCfg = Debug|Any CPU
		{C9FA488B-F24D-427D-9EB6-1D0F4EB108BF}.Debug|Any CPU.Build.0 = Debug|Any CPU
		{C9FA488B-F24D-427D-9EB6-1D0F4EB108BF}.Release|Any CPU.ActiveCfg = Release|Any CPU
		{C9FA488B-F24D-427D-9EB6-1D0F4EB108BF}.Release|Any CPU.Build.0 = Release|Any CPU
		{7E7E8B8E-DD25-4C5E-87A3-F26BCFCE478F}.Debug|Any CPU.ActiveCfg = Debug|Any CPU
		{7E7E8B8E-DD25-4C5E-87A3-F26BCFCE478F}.Debug|Any CPU.Build.0 = Debug|Any CPU
		{7E7E8B8E-DD25-4C5E-87A3-F26BCFCE478F}.Release|Any CPU.ActiveCfg = Release|Any CPU
		{7E7E8B8E-DD25-4C5E-87A3-F26BCFCE478F}.Release|Any CPU.Build.0 = Release|Any CPU
	EndGlobalSection
	GlobalSection(SolutionProperties) = preSolution
		HideSolutionNode = FALSE
	EndGlobalSection
	GlobalSection(ExtensibilityGlobals) = postSolution
		SolutionGuid = {25E8955C-7BFE-4BED-A270-4C9C9EA6250C}
	EndGlobalSection
EndGlobal
