<?xml version="1.0" encoding="utf-8"?>
<Project ToolsVersion="4.0" xmlns="http://schemas.microsoft.com/developer/msbuild/2003">
  <ItemGroup>
    <Filter Include="Source Files">
      <UniqueIdentifier>{4FC737F1-C7A5-4376-A066-2A32D752A2FF}</UniqueIdentifier>
      <Extensions>qml;cpp;c;cc;cxx;def;odl;idl;hpj;bat;asm;asmx</Extensions>
    </Filter>
    <Filter Include="Header Files">
      <UniqueIdentifier>{93995380-89BD-4b04-88EB-625FBE52EBFB}</UniqueIdentifier>
      <Extensions>h;hh;hpp;hxx;hm;inl;inc;xsd</Extensions>
    </Filter>
    <Filter Include="Resource Files">
      <UniqueIdentifier>{67DA6AB6-F800-4c08-8B7A-83BB121AAD01}</UniqueIdentifier>
      <Extensions>qrc;rc;ico;cur;bmp;dlg;rc2;rct;bin;rgs;gif;jpg;jpeg;jpe;resx;tiff;tif;png;wav;mfcribbon-ms</Extensions>
    </Filter>
    <Filter Include="Form Files">
      <UniqueIdentifier>{99349809-55BA-4b9d-BF79-8FDBB0286EB3}</UniqueIdentifier>
      <Extensions>ui</Extensions>
    </Filter>
    <Filter Include="Translation Files">
      <UniqueIdentifier>{639EADAA-A684-42e4-A9AD-28FC9BCB8F7C}</UniqueIdentifier>
      <Extensions>ts</Extensions>
    </Filter>
  </ItemGroup>
  <ItemGroup>
    <QtRcc Include="resources.qrc">
      <Filter>Resource Files</Filter>
    </QtRcc>
    <QtUic Include="UI\Views\MainWindow.ui">
      <Filter>Form Files</Filter>
    </QtUic>
    <QtMoc Include="UI\Views\MainWindow.h">
      <Filter>Header Files</Filter>
    </QtMoc>
    <ClCompile Include="UI\Views\MainWindow.cpp">
      <Filter>Source Files</Filter>
    </ClCompile>
  </ItemGroup>
  <ItemGroup>
    <ClCompile Include="main.cpp">
      <Filter>Source Files</Filter>
    </ClCompile>
    <ClCompile Include="Helpers\CurlHelpers.cpp">
      <Filter>Source Files</Filter>
    </ClCompile>
    <ClCompile Include="Update\UpdateConfig.cpp">
      <Filter>Source Files</Filter>
    </ClCompile>
    <ClCompile Include="Update\Updater.cpp">
      <Filter>Source Files</Filter>
    </ClCompile>
    <ClCompile Include="Update\Version.cpp">
      <Filter>Source Files</Filter>
    </ClCompile>
    <ClCompile Include="Models\AppInfo.cpp">
      <Filter>Source Files</Filter>
    </ClCompile>
    <ClCompile Include="Models\Configuration.cpp">
      <Filter>Source Files</Filter>
    </ClCompile>
    <ClCompile Include="UI\Messenger.cpp">
      <Filter>Source Files</Filter>
    </ClCompile>
    <ClCompile Include="Helpers\ThemeHelpers.cpp">
      <Filter>Source Files</Filter>
    </ClCompile>
    <ClCompile Include="UI\Views\SettingsDialog.cpp">
      <Filter>Source Files</Filter>
    </ClCompile>
    <ClCompile Include="UI\Controls\ProgressDialog.cpp">
      <Filter>Source Files</Filter>
    </ClCompile>
    <ClCompile Include="UI\Controls\AboutDialog.cpp">
      <Filter>Source Files</Filter>
    </ClCompile>
    <ClCompile Include="UI\Views\HomePage.cpp">
      <Filter>Source Files</Filter>
    </ClCompile>
    <ClCompile Include="UI\Views\BrowsePage.cpp">
      <Filter>Source Files</Filter>
    </ClCompile>
    <ClCompile Include="Models\DependencyManager.cpp">
      <Filter>Source Files</Filter>
    </ClCompile>
    <ClCompile Include="Helpers\ZipHelpers.cpp">
      <Filter>Source Files</Filter>
    </ClCompile>
    <ClCompile Include="Models\Download.cpp">
      <Filter>Source Files</Filter>
    </ClCompile>
    <ClCompile Include="Models\MediaFileType.cpp">
      <Filter>Source Files</Filter>
    </ClCompile>
    <ClCompile Include="UI\Controls\DownloadDialog.cpp">
      <Filter>Source Files</Filter>
    </ClCompile>
  </ItemGroup>
  <ItemGroup>
    <ClInclude Include="Helpers\CurlHelpers.h">
      <Filter>Header Files</Filter>
    </ClInclude>
    <ClInclude Include="Update\UpdateConfig.h">
      <Filter>Header Files</Filter>
    </ClInclude>
    <ClInclude Include="Update\Updater.h">
      <Filter>Header Files</Filter>
    </ClInclude>
    <ClInclude Include="Update\Version.h">
      <Filter>Header Files</Filter>
    </ClInclude>
    <ClInclude Include="Models\AppInfo.h">
      <Filter>Header Files</Filter>
    </ClInclude>
    <ClInclude Include="Models\Configuration.h">
      <Filter>Header Files</Filter>
    </ClInclude>
    <ClInclude Include="UI\Messenger.h">
      <Filter>Header Files</Filter>
    </ClInclude>
    <ClInclude Include="Helpers\ThemeHelpers.h">
      <Filter>Header Files</Filter>
    </ClInclude>
    <ClInclude Include="Models\Theme.h">
      <Filter>Header Files</Filter>
    </ClInclude>
    <ClInclude Include="UI\Views\Pages.h">
      <Filter>Header Files</Filter>
    </ClInclude>
    <ClInclude Include="resources.h">
      <Filter>Header Files</Filter>
    </ClInclude>
    <ClInclude Include="Models\DependencyManager.h">
      <Filter>Header Files</Filter>
    </ClInclude>
    <ClInclude Include="Helpers\ZipHelpers.h">
      <Filter>Header Files</Filter>
    </ClInclude>
    <ClInclude Include="Models\Download.h">
      <Filter>Header Files</Filter>
    </ClInclude>
    <ClInclude Include="Models\MediaFileType.h">
      <Filter>Header Files</Filter>
    </ClInclude>
  </ItemGroup>
  <ItemGroup>
    <Image Include="Resources\icon.ico">
      <Filter>Resource Files</Filter>
    </Image>
    <Image Include="Resources\icon.png">
      <Filter>Resource Files</Filter>
    </Image>
    <Image Include="Resources\About.png">
      <Filter>Resource Files</Filter>
    </Image>
    <Image Include="Resources\Edit.png">
      <Filter>Resource Files</Filter>
    </Image>
    <Image Include="Resources\Home.png">
      <Filter>Resource Files</Filter>
    </Image>
    <Image Include="Resources\Interface.png">
      <Filter>Resource Files</Filter>
    </Image>
    <Image Include="Resources\Settings.png">
      <Filter>Resource Files</Filter>
    </Image>
    <Image Include="Resources\Update.png">
      <Filter>Resource Files</Filter>
    </Image>
    <Image Include="Resources\Browse.png">
      <Filter>Resource Files</Filter>
    </Image>
    <Image Include="Resources\Logs.png">
      <Filter>Resource Files</Filter>
    </Image>
    <Image Include="Resources\Download.png">
      <Filter>Resource Files</Filter>
    </Image>
    <Image Include="Resources\DownloadFolder.png">
      <Filter>Resource Files</Filter>
    </Image>
    <Image Include="Resources\Back.png">
      <Filter>Resource Files</Filter>
    </Image>
    <Image Include="Resources\Forward.png">
      <Filter>Resource Files</Filter>
    </Image>
    <Image Include="Resources\Refresh.png">
      <Filter>Resource Files</Filter>
    </Image>
  </ItemGroup>
  <ItemGroup>
    <QtMoc Include="UI\Views\SettingsDialog.h">
      <Filter>Header Files</Filter>
    </QtMoc>
    <QtMoc Include="UI\Controls\ProgressDialog.h">
      <Filter>Header Files</Filter>
    </QtMoc>
    <QtMoc Include="UI\Controls\AboutDialog.h">
      <Filter>Header Files</Filter>
    </QtMoc>
    <QtMoc Include="UI\Views\HomePage.h">
      <Filter>Header Files</Filter>
    </QtMoc>
    <QtMoc Include="UI\Views\BrowsePage.h">
      <Filter>Header Files</Filter>
    </QtMoc>
    <QtMoc Include="UI\Controls\DownloadDialog.h">
      <Filter>Header Files</Filter>
    </QtMoc>
  </ItemGroup>
  <ItemGroup>
    <QtUic Include="UI\Views\SettingsDialog.ui">
      <Filter>Form Files</Filter>
    </QtUic>
    <QtUic Include="UI\Controls\ProgressDialog.ui">
      <Filter>Form Files</Filter>
    </QtUic>
    <QtUic Include="UI\Controls\AboutDialog.ui">
      <Filter>Form Files</Filter>
    </QtUic>
    <QtUic Include="UI\Views\HomePage.ui">
      <Filter>Form Files</Filter>
    </QtUic>
    <QtUic Include="UI\Views\BrowsePage.ui">
      <Filter>Form Files</Filter>
    </QtUic>
    <QtUic Include="UI\Controls\DownloadDialog.ui">
      <Filter>Form Files</Filter>
    </QtUic>
  </ItemGroup>
  <ItemGroup>
    <ResourceCompile Include="resources.rc">
      <Filter>Resource Files</Filter>
    </ResourceCompile>
  </ItemGroup>
  <ItemGroup>
    <None Include="Resources\icon.svg" />
  </ItemGroup>
</Project>